
Microsoft Visual Studio Solution File, Format Version 12.00
# Visual Studio Version 16
VisualStudioVersion = 16.0.29728.190
MinimumVisualStudioVersion = 10.0.40219.1
Project("{FAE04EC0-301F-11D3-BF4B-00C04F79EFBC}") = "ConverterConsole", "ConverterConsole\ConverterConsole.csproj", "{2E48E1FF-138C-42EC-A65A-7C0F18129A8E}"
EndProject
Project("{FAE04EC0-301F-11D3-BF4B-00C04F79EFBC}") = "UnitTests", "UnitTests\UnitTests.csproj", "{77BFBF1E-9ACF-4483-879A-4D212E5B0130}"
EndProject
Project("{FAE04EC0-301F-11D3-BF4B-00C04F79EFBC}") = "Core", "Core\Core.csproj", "{54E015EB-795E-4A41-B470-E03AF8A7DF83}"
EndProject
Global
	GlobalSection(SolutionConfigurationPlatforms) = preSolution
		Debug|Any CPU = Debug|Any CPU
		Release|Any CPU = Release|Any CPU
	EndGlobalSection
	GlobalSection(ProjectConfigurationPlatforms) = postSolution
		{2E48E1FF-138C-42EC-A65A-7C0F18129A8E}.Debug|Any CPU.ActiveCfg = Debug|Any CPU
		{2E48E1FF-138C-42EC-A65A-7C0F18129A8E}.Debug|Any CPU.Build.0 = Debug|Any CPU
		{2E48E1FF-138C-42EC-A65A-7C0F18129A8E}.Release|Any CPU.ActiveCfg = Release|Any CPU
		{2E48E1FF-138C-42EC-A65A-7C0F18129A8E}.Release|Any CPU.Build.0 = Release|Any CPU
		{77BFBF1E-9ACF-4483-879A-4D212E5B0130}.Debug|Any CPU.ActiveCfg = Debug|Any CPU
		{77BFBF1E-9ACF-4483-879A-4D212E5B0130}.Debug|Any CPU.Build.0 = Debug|Any CPU
		{77BFBF1E-9ACF-4483-879A-4D212E5B0130}.Release|Any CPU.ActiveCfg = Release|Any CPU
		{77BFBF1E-9ACF-4483-879A-4D212E5B0130}.Release|Any CPU.Build.0 = Release|Any CPU
		{54E015EB-795E-4A41-B470-E03AF8A7DF83}.Debug|Any CPU.ActiveCfg = Debug|Any CPU
		{54E015EB-795E-4A41-B470-E03AF8A7DF83}.Debug|Any CPU.Build.0 = Debug|Any CPU
		{54E015EB-795E-4A41-B470-E03AF8A7DF83}.Release|Any CPU.ActiveCfg = Release|Any CPU
		{54E015EB-795E-4A41-B470-E03AF8A7DF83}.Release|Any CPU.Build.0 = Release|Any CPU
	EndGlobalSection
	GlobalSection(SolutionProperties) = preSolution
		HideSolutionNode = FALSE
	EndGlobalSection
	GlobalSection(ExtensibilityGlobals) = postSolution
		SolutionGuid = {A1D43FF9-F024-4D88-883A-889CA9C699B1}
	EndGlobalSection
EndGlobal
